
Microsoft Visual Studio Solution File, Format Version 12.00
# Visual Studio Version 17
VisualStudioVersion = 17.4.33103.184
MinimumVisualStudioVersion = 10.0.40219.1
Project("{FAE04EC0-301F-11D3-BF4B-00C04F79EFBC}") = "Problem 1", "LINQ\Problem 1.csproj", "{ECB7FA87-4824-49FC-B833-65D992E3A52A}"
EndProject
Project("{FAE04EC0-301F-11D3-BF4B-00C04F79EFBC}") = "Problem 2", "Problem 2\Problem 2.csproj", "{9E3C3603-1BF8-47E7-86A6-E4657A3B48E0}"
EndProject
Project("{FAE04EC0-301F-11D3-BF4B-00C04F79EFBC}") = "Problem 3", "Problem 3\Problem 3.csproj", "{89AE4BDB-05CF-4C54-A8CA-E30BA8E2AC8D}"
EndProject
Project("{FAE04EC0-301F-11D3-BF4B-00C04F79EFBC}") = "Problem 4", "Problem 4\Problem 4.csproj", "{F295349D-6821-41E8-884F-7E44082328B9}"
EndProject
Project("{FAE04EC0-301F-11D3-BF4B-00C04F79EFBC}") = "Problem 5", "Problem 5\Problem 5.csproj", "{20BCAA55-DB68-41CF-8898-25DDD07A03DA}"
EndProject
Project("{FAE04EC0-301F-11D3-BF4B-00C04F79EFBC}") = "Problem 6", "Problem 6\Problem 6.csproj", "{53BF0ABE-BC43-45C1-8F26-640D5D8CEB69}"
EndProject
Project("{FAE04EC0-301F-11D3-BF4B-00C04F79EFBC}") = "Problem 7", "Problem 7\Problem 7.csproj", "{17FB8B2B-D0B8-4BA2-ACF7-DF8067E250FB}"
EndProject
Project("{FAE04EC0-301F-11D3-BF4B-00C04F79EFBC}") = "Problem 8", "Problem 8\Problem 8.csproj", "{19D4A163-1685-4B8B-BEA2-C054B81174C3}"
EndProject
Project("{FAE04EC0-301F-11D3-BF4B-00C04F79EFBC}") = "Problem 9", "Problem 9\Problem 9.csproj", "{CEA15301-A2CD-40C8-8363-7C276BE9E3FD}"
EndProject
Project("{FAE04EC0-301F-11D3-BF4B-00C04F79EFBC}") = "Problem 10", "Problem 10\Problem 10.csproj", "{B7AB63CC-6A7A-4BA7-83BE-71C75BB92D2A}"
EndProject
Project("{FAE04EC0-301F-11D3-BF4B-00C04F79EFBC}") = "Problem 11", "Problem 11\Problem 11.csproj", "{19F61FCA-D85A-41DE-B6EE-A603281344B3}"
EndProject
Project("{FAE04EC0-301F-11D3-BF4B-00C04F79EFBC}") = "Problem 12", "Problem 12\Problem 12.csproj", "{DC09F749-C38D-4559-882C-A90B105CAC01}"
EndProject
Global
	GlobalSection(SolutionConfigurationPlatforms) = preSolution
		Debug|Any CPU = Debug|Any CPU
		Release|Any CPU = Release|Any CPU
	EndGlobalSection
	GlobalSection(ProjectConfigurationPlatforms) = postSolution
		{ECB7FA87-4824-49FC-B833-65D992E3A52A}.Debug|Any CPU.ActiveCfg = Debug|Any CPU
		{ECB7FA87-4824-49FC-B833-65D992E3A52A}.Debug|Any CPU.Build.0 = Debug|Any CPU
		{ECB7FA87-4824-49FC-B833-65D992E3A52A}.Release|Any CPU.ActiveCfg = Release|Any CPU
		{ECB7FA87-4824-49FC-B833-65D992E3A52A}.Release|Any CPU.Build.0 = Release|Any CPU
		{9E3C3603-1BF8-47E7-86A6-E4657A3B48E0}.Debug|Any CPU.ActiveCfg = Debug|Any CPU
		{9E3C3603-1BF8-47E7-86A6-E4657A3B48E0}.Debug|Any CPU.Build.0 = Debug|Any CPU
		{9E3C3603-1BF8-47E7-86A6-E4657A3B48E0}.Release|Any CPU.ActiveCfg = Release|Any CPU
		{9E3C3603-1BF8-47E7-86A6-E4657A3B48E0}.Release|Any CPU.Build.0 = Release|Any CPU
		{89AE4BDB-05CF-4C54-A8CA-E30BA8E2AC8D}.Debug|Any CPU.ActiveCfg = Debug|Any CPU
		{89AE4BDB-05CF-4C54-A8CA-E30BA8E2AC8D}.Debug|Any CPU.Build.0 = Debug|Any CPU
		{89AE4BDB-05CF-4C54-A8CA-E30BA8E2AC8D}.Release|Any CPU.ActiveCfg = Release|Any CPU
		{89AE4BDB-05CF-4C54-A8CA-E30BA8E2AC8D}.Release|Any CPU.Build.0 = Release|Any CPU
		{F295349D-6821-41E8-884F-7E44082328B9}.Debug|Any CPU.ActiveCfg = Debug|Any CPU
		{F295349D-6821-41E8-884F-7E44082328B9}.Debug|Any CPU.Build.0 = Debug|Any CPU
		{F295349D-6821-41E8-884F-7E44082328B9}.Release|Any CPU.ActiveCfg = Release|Any CPU
		{F295349D-6821-41E8-884F-7E44082328B9}.Release|Any CPU.Build.0 = Release|Any CPU
		{20BCAA55-DB68-41CF-8898-25DDD07A03DA}.Debug|Any CPU.ActiveCfg = Debug|Any CPU
		{20BCAA55-DB68-41CF-8898-25DDD07A03DA}.Debug|Any CPU.Build.0 = Debug|Any CPU
		{20BCAA55-DB68-41CF-8898-25DDD07A03DA}.Release|Any CPU.ActiveCfg = Release|Any CPU
		{20BCAA55-DB68-41CF-8898-25DDD07A03DA}.Release|Any CPU.Build.0 = Release|Any CPU
		{53BF0ABE-BC43-45C1-8F26-640D5D8CEB69}.Debug|Any CPU.ActiveCfg = Debug|Any CPU
		{53BF0ABE-BC43-45C1-8F26-640D5D8CEB69}.Debug|Any CPU.Build.0 = Debug|Any CPU
		{53BF0ABE-BC43-45C1-8F26-640D5D8CEB69}.Release|Any CPU.ActiveCfg = Release|Any CPU
		{53BF0ABE-BC43-45C1-8F26-640D5D8CEB69}.Release|Any CPU.Build.0 = Release|Any CPU
		{17FB8B2B-D0B8-4BA2-ACF7-DF8067E250FB}.Debug|Any CPU.ActiveCfg = Debug|Any CPU
		{17FB8B2B-D0B8-4BA2-ACF7-DF8067E250FB}.Debug|Any CPU.Build.0 = Debug|Any CPU
		{17FB8B2B-D0B8-4BA2-ACF7-DF8067E250FB}.Release|Any CPU.ActiveCfg = Release|Any CPU
		{17FB8B2B-D0B8-4BA2-ACF7-DF8067E250FB}.Release|Any CPU.Build.0 = Release|Any CPU
		{19D4A163-1685-4B8B-BEA2-C054B81174C3}.Debug|Any CPU.ActiveCfg = Debug|Any CPU
		{19D4A163-1685-4B8B-BEA2-C054B81174C3}.Debug|Any CPU.Build.0 = Debug|Any CPU
		{19D4A163-1685-4B8B-BEA2-C054B81174C3}.Release|Any CPU.ActiveCfg = Release|Any CPU
		{19D4A163-1685-4B8B-BEA2-C054B81174C3}.Release|Any CPU.Build.0 = Release|Any CPU
		{CEA15301-A2CD-40C8-8363-7C276BE9E3FD}.Debug|Any CPU.ActiveCfg = Debug|Any CPU
		{CEA15301-A2CD-40C8-8363-7C276BE9E3FD}.Debug|Any CPU.Build.0 = Debug|Any CPU
		{CEA15301-A2CD-40C8-8363-7C276BE9E3FD}.Release|Any CPU.ActiveCfg = Release|Any CPU
		{CEA15301-A2CD-40C8-8363-7C276BE9E3FD}.Release|Any CPU.Build.0 = Release|Any CPU
		{B7AB63CC-6A7A-4BA7-83BE-71C75BB92D2A}.Debug|Any CPU.ActiveCfg = Debug|Any CPU
		{B7AB63CC-6A7A-4BA7-83BE-71C75BB92D2A}.Debug|Any CPU.Build.0 = Debug|Any CPU
		{B7AB63CC-6A7A-4BA7-83BE-71C75BB92D2A}.Release|Any CPU.ActiveCfg = Release|Any CPU
		{B7AB63CC-6A7A-4BA7-83BE-71C75BB92D2A}.Release|Any CPU.Build.0 = Release|Any CPU
		{19F61FCA-D85A-41DE-B6EE-A603281344B3}.Debug|Any CPU.ActiveCfg = Debug|Any CPU
		{19F61FCA-D85A-41DE-B6EE-A603281344B3}.Debug|Any CPU.Build.0 = Debug|Any CPU
		{19F61FCA-D85A-41DE-B6EE-A603281344B3}.Release|Any CPU.ActiveCfg = Release|Any CPU
		{19F61FCA-D85A-41DE-B6EE-A603281344B3}.Release|Any CPU.Build.0 = Release|Any CPU
		{DC09F749-C38D-4559-882C-A90B105CAC01}.Debug|Any CPU.ActiveCfg = Debug|Any CPU
		{DC09F749-C38D-4559-882C-A90B105CAC01}.Debug|Any CPU.Build.0 = Debug|Any CPU
		{DC09F749-C38D-4559-882C-A90B105CAC01}.Release|Any CPU.ActiveCfg = Release|Any CPU
		{DC09F749-C38D-4559-882C-A90B105CAC01}.Release|Any CPU.Build.0 = Release|Any CPU
	EndGlobalSection
	GlobalSection(SolutionProperties) = preSolution
		HideSolutionNode = FALSE
	EndGlobalSection
	GlobalSection(ExtensibilityGlobals) = postSolution
		SolutionGuid = {17DF9585-45D0-49D5-A55F-5ABDAC629DE6}
	EndGlobalSection
EndGlobal
