
Microsoft Visual Studio Solution File, Format Version 12.00
# Visual Studio Version 16
VisualStudioVersion = 16.0.32802.440
MinimumVisualStudioVersion = 10.0.40219.1
Project("{9A19103F-16F7-4668-BE54-9A1E7A4F7556}") = "CsharpLaboratorna4.1", "CsharpLaboratorna4\CsharpLaboratorna4.1.csproj", "{67AAC1A1-D09B-4BFB-8481-D404F1B6885A}"
EndProject
Project("{FAE04EC0-301F-11D3-BF4B-00C04F79EFBC}") = "CsharpLaboratorna4.2", "CsharpLaboratorna4.2\CsharpLaboratorna4.2.csproj", "{9D8FABAD-6178-44DE-A366-F2E1DE004DCB}"
EndProject
Project("{FAE04EC0-301F-11D3-BF4B-00C04F79EFBC}") = "CsharpLaboratorna4.3", "CsharpLaboratorna4.3\CsharpLaboratorna4.3.csproj", "{ED06BF76-F63C-4E5D-834A-DC2BA75D5D46}"
EndProject
Project("{FAE04EC0-301F-11D3-BF4B-00C04F79EFBC}") = "CsharpLaboratorna4.4", "CsharpLaboratorna4.4\CsharpLaboratorna4.4.csproj", "{1A3C4A0F-C24C-4BF0-8998-3F9520EE2727}"
EndProject
Global
	GlobalSection(SolutionConfigurationPlatforms) = preSolution
		Debug|Any CPU = Debug|Any CPU
		Release|Any CPU = Release|Any CPU
	EndGlobalSection
	GlobalSection(ProjectConfigurationPlatforms) = postSolution
		{67AAC1A1-D09B-4BFB-8481-D404F1B6885A}.Debug|Any CPU.ActiveCfg = Debug|Any CPU
		{67AAC1A1-D09B-4BFB-8481-D404F1B6885A}.Debug|Any CPU.Build.0 = Debug|Any CPU
		{67AAC1A1-D09B-4BFB-8481-D404F1B6885A}.Release|Any CPU.ActiveCfg = Release|Any CPU
		{67AAC1A1-D09B-4BFB-8481-D404F1B6885A}.Release|Any CPU.Build.0 = Release|Any CPU
		{9D8FABAD-6178-44DE-A366-F2E1DE004DCB}.Debug|Any CPU.ActiveCfg = Debug|Any CPU
		{9D8FABAD-6178-44DE-A366-F2E1DE004DCB}.Debug|Any CPU.Build.0 = Debug|Any CPU
		{9D8FABAD-6178-44DE-A366-F2E1DE004DCB}.Release|Any CPU.ActiveCfg = Release|Any CPU
		{9D8FABAD-6178-44DE-A366-F2E1DE004DCB}.Release|Any CPU.Build.0 = Release|Any CPU
		{ED06BF76-F63C-4E5D-834A-DC2BA75D5D46}.Debug|Any CPU.ActiveCfg = Debug|Any CPU
		{ED06BF76-F63C-4E5D-834A-DC2BA75D5D46}.Debug|Any CPU.Build.0 = Debug|Any CPU
		{ED06BF76-F63C-4E5D-834A-DC2BA75D5D46}.Release|Any CPU.ActiveCfg = Release|Any CPU
		{ED06BF76-F63C-4E5D-834A-DC2BA75D5D46}.Release|Any CPU.Build.0 = Release|Any CPU
		{1A3C4A0F-C24C-4BF0-8998-3F9520EE2727}.Debug|Any CPU.ActiveCfg = Debug|Any CPU
		{1A3C4A0F-C24C-4BF0-8998-3F9520EE2727}.Debug|Any CPU.Build.0 = Debug|Any CPU
		{1A3C4A0F-C24C-4BF0-8998-3F9520EE2727}.Release|Any CPU.ActiveCfg = Release|Any CPU
		{1A3C4A0F-C24C-4BF0-8998-3F9520EE2727}.Release|Any CPU.Build.0 = Release|Any CPU
	EndGlobalSection
	GlobalSection(SolutionProperties) = preSolution
		HideSolutionNode = FALSE
	EndGlobalSection
	GlobalSection(ExtensibilityGlobals) = postSolution
		SolutionGuid = {AA621F0F-E810-49A1-BFD3-65CA403747AE}
	EndGlobalSection
EndGlobal
