
Microsoft Visual Studio Solution File, Format Version 12.00
# Visual Studio Version 17
VisualStudioVersion = 17.4.33103.184
MinimumVisualStudioVersion = 10.0.40219.1
Project("{FAE04EC0-301F-11D3-BF4B-00C04F79EFBC}") = "Problem 1", "Iterators And Comparators\Problem 1.csproj", "{4A04F5E5-06B8-4842-99F5-F077A591EF55}"
EndProject
Project("{FAE04EC0-301F-11D3-BF4B-00C04F79EFBC}") = "Problem 2", "Problem 2\Problem 2.csproj", "{7994703A-826D-43E0-8BC9-6BFC7C7EA1A0}"
EndProject
Project("{FAE04EC0-301F-11D3-BF4B-00C04F79EFBC}") = "Problem 3", "Problem 3\Problem 3.csproj", "{8026E7E7-37FF-49D1-9466-271E41357C9B}"
EndProject
Project("{FAE04EC0-301F-11D3-BF4B-00C04F79EFBC}") = "Problem 4", "Problem 4\Problem 4.csproj", "{AF66C60A-FBC7-4AA3-8140-2694B2F3400E}"
EndProject
Project("{FAE04EC0-301F-11D3-BF4B-00C04F79EFBC}") = "Problem 5", "Problem 5\Problem 5.csproj", "{73B52A7B-0F02-4B01-A195-F13B9AD43462}"
EndProject
Project("{FAE04EC0-301F-11D3-BF4B-00C04F79EFBC}") = "Problem 6", "Problem 6\Problem 6.csproj", "{7B965ED2-8F54-45D7-AFFB-A3227979BA4C}"
EndProject
Project("{FAE04EC0-301F-11D3-BF4B-00C04F79EFBC}") = "Problem 7", "Problem 7\Problem 7.csproj", "{71030921-37EA-4FBD-8F34-00CF202EFB66}"
EndProject
Global
	GlobalSection(SolutionConfigurationPlatforms) = preSolution
		Debug|Any CPU = Debug|Any CPU
		Release|Any CPU = Release|Any CPU
	EndGlobalSection
	GlobalSection(ProjectConfigurationPlatforms) = postSolution
		{4A04F5E5-06B8-4842-99F5-F077A591EF55}.Debug|Any CPU.ActiveCfg = Debug|Any CPU
		{4A04F5E5-06B8-4842-99F5-F077A591EF55}.Debug|Any CPU.Build.0 = Debug|Any CPU
		{4A04F5E5-06B8-4842-99F5-F077A591EF55}.Release|Any CPU.ActiveCfg = Release|Any CPU
		{4A04F5E5-06B8-4842-99F5-F077A591EF55}.Release|Any CPU.Build.0 = Release|Any CPU
		{7994703A-826D-43E0-8BC9-6BFC7C7EA1A0}.Debug|Any CPU.ActiveCfg = Debug|Any CPU
		{7994703A-826D-43E0-8BC9-6BFC7C7EA1A0}.Debug|Any CPU.Build.0 = Debug|Any CPU
		{7994703A-826D-43E0-8BC9-6BFC7C7EA1A0}.Release|Any CPU.ActiveCfg = Release|Any CPU
		{7994703A-826D-43E0-8BC9-6BFC7C7EA1A0}.Release|Any CPU.Build.0 = Release|Any CPU
		{8026E7E7-37FF-49D1-9466-271E41357C9B}.Debug|Any CPU.ActiveCfg = Debug|Any CPU
		{8026E7E7-37FF-49D1-9466-271E41357C9B}.Debug|Any CPU.Build.0 = Debug|Any CPU
		{8026E7E7-37FF-49D1-9466-271E41357C9B}.Release|Any CPU.ActiveCfg = Release|Any CPU
		{8026E7E7-37FF-49D1-9466-271E41357C9B}.Release|Any CPU.Build.0 = Release|Any CPU
		{AF66C60A-FBC7-4AA3-8140-2694B2F3400E}.Debug|Any CPU.ActiveCfg = Debug|Any CPU
		{AF66C60A-FBC7-4AA3-8140-2694B2F3400E}.Debug|Any CPU.Build.0 = Debug|Any CPU
		{AF66C60A-FBC7-4AA3-8140-2694B2F3400E}.Release|Any CPU.ActiveCfg = Release|Any CPU
		{AF66C60A-FBC7-4AA3-8140-2694B2F3400E}.Release|Any CPU.Build.0 = Release|Any CPU
		{73B52A7B-0F02-4B01-A195-F13B9AD43462}.Debug|Any CPU.ActiveCfg = Debug|Any CPU
		{73B52A7B-0F02-4B01-A195-F13B9AD43462}.Debug|Any CPU.Build.0 = Debug|Any CPU
		{73B52A7B-0F02-4B01-A195-F13B9AD43462}.Release|Any CPU.ActiveCfg = Release|Any CPU
		{73B52A7B-0F02-4B01-A195-F13B9AD43462}.Release|Any CPU.Build.0 = Release|Any CPU
		{7B965ED2-8F54-45D7-AFFB-A3227979BA4C}.Debug|Any CPU.ActiveCfg = Debug|Any CPU
		{7B965ED2-8F54-45D7-AFFB-A3227979BA4C}.Debug|Any CPU.Build.0 = Debug|Any CPU
		{7B965ED2-8F54-45D7-AFFB-A3227979BA4C}.Release|Any CPU.ActiveCfg = Release|Any CPU
		{7B965ED2-8F54-45D7-AFFB-A3227979BA4C}.Release|Any CPU.Build.0 = Release|Any CPU
		{71030921-37EA-4FBD-8F34-00CF202EFB66}.Debug|Any CPU.ActiveCfg = Debug|Any CPU
		{71030921-37EA-4FBD-8F34-00CF202EFB66}.Debug|Any CPU.Build.0 = Debug|Any CPU
		{71030921-37EA-4FBD-8F34-00CF202EFB66}.Release|Any CPU.ActiveCfg = Release|Any CPU
		{71030921-37EA-4FBD-8F34-00CF202EFB66}.Release|Any CPU.Build.0 = Release|Any CPU
	EndGlobalSection
	GlobalSection(SolutionProperties) = preSolution
		HideSolutionNode = FALSE
	EndGlobalSection
	GlobalSection(ExtensibilityGlobals) = postSolution
		SolutionGuid = {B9F20EDA-3F3D-403F-8742-30378244E6E2}
	EndGlobalSection
EndGlobal
