
Microsoft Visual Studio Solution File, Format Version 12.00
# Visual Studio Version 17
VisualStudioVersion = 17.4.33103.184
MinimumVisualStudioVersion = 10.0.40219.1
Project("{9A19103F-16F7-4668-BE54-9A1E7A4F7556}") = "Problem1 and 2", "Interfaces and Abstraction\Problem1 and 2.csproj", "{04D802F6-B6E2-423C-B218-9FD8BFD21B19}"
EndProject
Project("{9A19103F-16F7-4668-BE54-9A1E7A4F7556}") = "Problem3", "Problem3\Problem3.csproj", "{01448C84-7D18-419A-BE0D-291AC3946A78}"
EndProject
Project("{9A19103F-16F7-4668-BE54-9A1E7A4F7556}") = "Problem4", "Problem4\Problem4.csproj", "{CA4DD265-4788-4318-8B15-EED44274E4F4}"
EndProject
Project("{9A19103F-16F7-4668-BE54-9A1E7A4F7556}") = "Problem5", "Problem5\Problem5.csproj", "{B9DB3FDB-750D-468D-8535-B404A802EDA5}"
EndProject
Project("{9A19103F-16F7-4668-BE54-9A1E7A4F7556}") = "Problem6", "Problem6\Problem6.csproj", "{3F8454EF-5C50-447E-8C5D-30887CF56607}"
EndProject
Project("{9A19103F-16F7-4668-BE54-9A1E7A4F7556}") = "Problem7", "Problem7\Problem7.csproj", "{935F4C0F-403E-4734-8C02-FA1DB70F8A56}"
EndProject
Project("{FAE04EC0-301F-11D3-BF4B-00C04F79EFBC}") = "Para", "Para\Para.csproj", "{41CB22E8-753E-47EF-A05C-5C3FED88EE8B}"
EndProject
Global
	GlobalSection(SolutionConfigurationPlatforms) = preSolution
		Debug|Any CPU = Debug|Any CPU
		Release|Any CPU = Release|Any CPU
	EndGlobalSection
	GlobalSection(ProjectConfigurationPlatforms) = postSolution
		{04D802F6-B6E2-423C-B218-9FD8BFD21B19}.Debug|Any CPU.ActiveCfg = Debug|Any CPU
		{04D802F6-B6E2-423C-B218-9FD8BFD21B19}.Debug|Any CPU.Build.0 = Debug|Any CPU
		{04D802F6-B6E2-423C-B218-9FD8BFD21B19}.Release|Any CPU.ActiveCfg = Release|Any CPU
		{04D802F6-B6E2-423C-B218-9FD8BFD21B19}.Release|Any CPU.Build.0 = Release|Any CPU
		{01448C84-7D18-419A-BE0D-291AC3946A78}.Debug|Any CPU.ActiveCfg = Debug|Any CPU
		{01448C84-7D18-419A-BE0D-291AC3946A78}.Debug|Any CPU.Build.0 = Debug|Any CPU
		{01448C84-7D18-419A-BE0D-291AC3946A78}.Release|Any CPU.ActiveCfg = Release|Any CPU
		{01448C84-7D18-419A-BE0D-291AC3946A78}.Release|Any CPU.Build.0 = Release|Any CPU
		{CA4DD265-4788-4318-8B15-EED44274E4F4}.Debug|Any CPU.ActiveCfg = Debug|Any CPU
		{CA4DD265-4788-4318-8B15-EED44274E4F4}.Debug|Any CPU.Build.0 = Debug|Any CPU
		{CA4DD265-4788-4318-8B15-EED44274E4F4}.Release|Any CPU.ActiveCfg = Release|Any CPU
		{CA4DD265-4788-4318-8B15-EED44274E4F4}.Release|Any CPU.Build.0 = Release|Any CPU
		{B9DB3FDB-750D-468D-8535-B404A802EDA5}.Debug|Any CPU.ActiveCfg = Debug|Any CPU
		{B9DB3FDB-750D-468D-8535-B404A802EDA5}.Debug|Any CPU.Build.0 = Debug|Any CPU
		{B9DB3FDB-750D-468D-8535-B404A802EDA5}.Release|Any CPU.ActiveCfg = Release|Any CPU
		{B9DB3FDB-750D-468D-8535-B404A802EDA5}.Release|Any CPU.Build.0 = Release|Any CPU
		{3F8454EF-5C50-447E-8C5D-30887CF56607}.Debug|Any CPU.ActiveCfg = Debug|Any CPU
		{3F8454EF-5C50-447E-8C5D-30887CF56607}.Debug|Any CPU.Build.0 = Debug|Any CPU
		{3F8454EF-5C50-447E-8C5D-30887CF56607}.Release|Any CPU.ActiveCfg = Release|Any CPU
		{3F8454EF-5C50-447E-8C5D-30887CF56607}.Release|Any CPU.Build.0 = Release|Any CPU
		{935F4C0F-403E-4734-8C02-FA1DB70F8A56}.Debug|Any CPU.ActiveCfg = Debug|Any CPU
		{935F4C0F-403E-4734-8C02-FA1DB70F8A56}.Debug|Any CPU.Build.0 = Debug|Any CPU
		{935F4C0F-403E-4734-8C02-FA1DB70F8A56}.Release|Any CPU.ActiveCfg = Release|Any CPU
		{935F4C0F-403E-4734-8C02-FA1DB70F8A56}.Release|Any CPU.Build.0 = Release|Any CPU
		{41CB22E8-753E-47EF-A05C-5C3FED88EE8B}.Debug|Any CPU.ActiveCfg = Debug|Any CPU
		{41CB22E8-753E-47EF-A05C-5C3FED88EE8B}.Debug|Any CPU.Build.0 = Debug|Any CPU
		{41CB22E8-753E-47EF-A05C-5C3FED88EE8B}.Release|Any CPU.ActiveCfg = Release|Any CPU
		{41CB22E8-753E-47EF-A05C-5C3FED88EE8B}.Release|Any CPU.Build.0 = Release|Any CPU
	EndGlobalSection
	GlobalSection(SolutionProperties) = preSolution
		HideSolutionNode = FALSE
	EndGlobalSection
	GlobalSection(ExtensibilityGlobals) = postSolution
		SolutionGuid = {4CDEAE2C-847C-4176-A279-AFD4E11AA070}
	EndGlobalSection
EndGlobal
