
Microsoft Visual Studio Solution File, Format Version 12.00
# Visual Studio Version 17
VisualStudioVersion = 17.5.33627.172
MinimumVisualStudioVersion = 10.0.40219.1
Project("{FAE04EC0-301F-11D3-BF4B-00C04F79EFBC}") = "P01_BillsPaymentSystem.App", "04_AdvancedRelations\P01_BillsPaymentSystem.App.csproj", "{2628B292-0093-4D9D-BB4D-19F9E8B27CEA}"
EndProject
Project("{FAE04EC0-301F-11D3-BF4B-00C04F79EFBC}") = "P01_BillsPaymentSystem.Data", "P01_BillsPaymentSystem.Data\P01_BillsPaymentSystem.Data.csproj", "{1FE8EE93-A7DB-43A3-9A6B-94E6ADE670D0}"
EndProject
Project("{FAE04EC0-301F-11D3-BF4B-00C04F79EFBC}") = "P01_BillsPaymentSystem.Data.Models", "P01_BillsPaymentSystem.Data.Models\P01_BillsPaymentSystem.Data.Models.csproj", "{70A6CE44-BB19-4B0E-9E96-F28F74641B74}"
EndProject
Global
	GlobalSection(SolutionConfigurationPlatforms) = preSolution
		Debug|Any CPU = Debug|Any CPU
		Release|Any CPU = Release|Any CPU
	EndGlobalSection
	GlobalSection(ProjectConfigurationPlatforms) = postSolution
		{2628B292-0093-4D9D-BB4D-19F9E8B27CEA}.Debug|Any CPU.ActiveCfg = Debug|Any CPU
		{2628B292-0093-4D9D-BB4D-19F9E8B27CEA}.Debug|Any CPU.Build.0 = Debug|Any CPU
		{2628B292-0093-4D9D-BB4D-19F9E8B27CEA}.Release|Any CPU.ActiveCfg = Release|Any CPU
		{2628B292-0093-4D9D-BB4D-19F9E8B27CEA}.Release|Any CPU.Build.0 = Release|Any CPU
		{1FE8EE93-A7DB-43A3-9A6B-94E6ADE670D0}.Debug|Any CPU.ActiveCfg = Debug|Any CPU
		{1FE8EE93-A7DB-43A3-9A6B-94E6ADE670D0}.Debug|Any CPU.Build.0 = Debug|Any CPU
		{1FE8EE93-A7DB-43A3-9A6B-94E6ADE670D0}.Release|Any CPU.ActiveCfg = Release|Any CPU
		{1FE8EE93-A7DB-43A3-9A6B-94E6ADE670D0}.Release|Any CPU.Build.0 = Release|Any CPU
		{70A6CE44-BB19-4B0E-9E96-F28F74641B74}.Debug|Any CPU.ActiveCfg = Debug|Any CPU
		{70A6CE44-BB19-4B0E-9E96-F28F74641B74}.Debug|Any CPU.Build.0 = Debug|Any CPU
		{70A6CE44-BB19-4B0E-9E96-F28F74641B74}.Release|Any CPU.ActiveCfg = Release|Any CPU
		{70A6CE44-BB19-4B0E-9E96-F28F74641B74}.Release|Any CPU.Build.0 = Release|Any CPU
	EndGlobalSection
	GlobalSection(SolutionProperties) = preSolution
		HideSolutionNode = FALSE
	EndGlobalSection
	GlobalSection(ExtensibilityGlobals) = postSolution
		SolutionGuid = {84A89906-910A-4C5A-ACFC-ABD1400A88AB}
	EndGlobalSection
EndGlobal
