
Microsoft Visual Studio Solution File, Format Version 12.00
# Visual Studio Version 16
VisualStudioVersion = 16.0.31702.278
MinimumVisualStudioVersion = 10.0.40219.1
Project("{8BC9CEB8-8B4A-11D0-8D11-00A0C91BC942}") = "Гуль", "Гуль\Гуль.vcxproj", "{CDB6BA67-8B5D-47D8-93D9-352A0E153E63}"
EndProject
Global
	GlobalSection(SolutionConfigurationPlatforms) = preSolution
		Debug|x64 = Debug|x64
		Debug|x86 = Debug|x86
		Release|x64 = Release|x64
		Release|x86 = Release|x86
	EndGlobalSection
	GlobalSection(ProjectConfigurationPlatforms) = postSolution
		{CDB6BA67-8B5D-47D8-93D9-352A0E153E63}.Debug|x64.ActiveCfg = Debug|x64
		{CDB6BA67-8B5D-47D8-93D9-352A0E153E63}.Debug|x64.Build.0 = Debug|x64
		{CDB6BA67-8B5D-47D8-93D9-352A0E153E63}.Debug|x86.ActiveCfg = Debug|Win32
		{CDB6BA67-8B5D-47D8-93D9-352A0E153E63}.Debug|x86.Build.0 = Debug|Win32
		{CDB6BA67-8B5D-47D8-93D9-352A0E153E63}.Release|x64.ActiveCfg = Release|x64
		{CDB6BA67-8B5D-47D8-93D9-352A0E153E63}.Release|x64.Build.0 = Release|x64
		{CDB6BA67-8B5D-47D8-93D9-352A0E153E63}.Release|x86.ActiveCfg = Release|Win32
		{CDB6BA67-8B5D-47D8-93D9-352A0E153E63}.Release|x86.Build.0 = Release|Win32
	EndGlobalSection
	GlobalSection(SolutionProperties) = preSolution
		HideSolutionNode = FALSE
	EndGlobalSection
	GlobalSection(ExtensibilityGlobals) = postSolution
		SolutionGuid = {F0173200-7453-4A88-9239-82378BCB6CF9}
	EndGlobalSection
EndGlobal
