
Microsoft Visual Studio Solution File, Format Version 12.00
# Visual Studio Version 17
VisualStudioVersion = 17.4.33103.184
MinimumVisualStudioVersion = 10.0.40219.1
Project("{FAE04EC0-301F-11D3-BF4B-00C04F79EFBC}") = "Problem 1", "Regular Expressions\Problem 1.csproj", "{5073C9F3-94EF-48CF-A586-8FF6BCAA88C5}"
EndProject
Project("{FAE04EC0-301F-11D3-BF4B-00C04F79EFBC}") = "Problem 2", "Problem 2\Problem 2.csproj", "{8431DE8F-E7E6-4B8C-9DC6-A5012D0C92F5}"
EndProject
Project("{FAE04EC0-301F-11D3-BF4B-00C04F79EFBC}") = "Problem 3", "Problem 3\Problem 3.csproj", "{533B9F29-F4CF-47D9-9103-31871F34EC39}"
EndProject
Project("{FAE04EC0-301F-11D3-BF4B-00C04F79EFBC}") = "Problem 4", "Problem 4\Problem 4.csproj", "{BDB52DF6-DCD7-49E0-80F6-06824CA6EBBA}"
EndProject
Project("{FAE04EC0-301F-11D3-BF4B-00C04F79EFBC}") = "Problem 5", "Problem 5\Problem 5.csproj", "{41A5EA94-2919-4767-9B7D-F577A15A395C}"
EndProject
Project("{FAE04EC0-301F-11D3-BF4B-00C04F79EFBC}") = "Problem 6", "Problem 6\Problem 6.csproj", "{6CB77230-CB00-487B-8268-27F322A7FE04}"
EndProject
Global
	GlobalSection(SolutionConfigurationPlatforms) = preSolution
		Debug|Any CPU = Debug|Any CPU
		Release|Any CPU = Release|Any CPU
	EndGlobalSection
	GlobalSection(ProjectConfigurationPlatforms) = postSolution
		{5073C9F3-94EF-48CF-A586-8FF6BCAA88C5}.Debug|Any CPU.ActiveCfg = Debug|Any CPU
		{5073C9F3-94EF-48CF-A586-8FF6BCAA88C5}.Debug|Any CPU.Build.0 = Debug|Any CPU
		{5073C9F3-94EF-48CF-A586-8FF6BCAA88C5}.Release|Any CPU.ActiveCfg = Release|Any CPU
		{5073C9F3-94EF-48CF-A586-8FF6BCAA88C5}.Release|Any CPU.Build.0 = Release|Any CPU
		{8431DE8F-E7E6-4B8C-9DC6-A5012D0C92F5}.Debug|Any CPU.ActiveCfg = Debug|Any CPU
		{8431DE8F-E7E6-4B8C-9DC6-A5012D0C92F5}.Debug|Any CPU.Build.0 = Debug|Any CPU
		{8431DE8F-E7E6-4B8C-9DC6-A5012D0C92F5}.Release|Any CPU.ActiveCfg = Release|Any CPU
		{8431DE8F-E7E6-4B8C-9DC6-A5012D0C92F5}.Release|Any CPU.Build.0 = Release|Any CPU
		{533B9F29-F4CF-47D9-9103-31871F34EC39}.Debug|Any CPU.ActiveCfg = Debug|Any CPU
		{533B9F29-F4CF-47D9-9103-31871F34EC39}.Debug|Any CPU.Build.0 = Debug|Any CPU
		{533B9F29-F4CF-47D9-9103-31871F34EC39}.Release|Any CPU.ActiveCfg = Release|Any CPU
		{533B9F29-F4CF-47D9-9103-31871F34EC39}.Release|Any CPU.Build.0 = Release|Any CPU
		{BDB52DF6-DCD7-49E0-80F6-06824CA6EBBA}.Debug|Any CPU.ActiveCfg = Debug|Any CPU
		{BDB52DF6-DCD7-49E0-80F6-06824CA6EBBA}.Debug|Any CPU.Build.0 = Debug|Any CPU
		{BDB52DF6-DCD7-49E0-80F6-06824CA6EBBA}.Release|Any CPU.ActiveCfg = Release|Any CPU
		{BDB52DF6-DCD7-49E0-80F6-06824CA6EBBA}.Release|Any CPU.Build.0 = Release|Any CPU
		{41A5EA94-2919-4767-9B7D-F577A15A395C}.Debug|Any CPU.ActiveCfg = Debug|Any CPU
		{41A5EA94-2919-4767-9B7D-F577A15A395C}.Debug|Any CPU.Build.0 = Debug|Any CPU
		{41A5EA94-2919-4767-9B7D-F577A15A395C}.Release|Any CPU.ActiveCfg = Release|Any CPU
		{41A5EA94-2919-4767-9B7D-F577A15A395C}.Release|Any CPU.Build.0 = Release|Any CPU
		{6CB77230-CB00-487B-8268-27F322A7FE04}.Debug|Any CPU.ActiveCfg = Debug|Any CPU
		{6CB77230-CB00-487B-8268-27F322A7FE04}.Debug|Any CPU.Build.0 = Debug|Any CPU
		{6CB77230-CB00-487B-8268-27F322A7FE04}.Release|Any CPU.ActiveCfg = Release|Any CPU
		{6CB77230-CB00-487B-8268-27F322A7FE04}.Release|Any CPU.Build.0 = Release|Any CPU
	EndGlobalSection
	GlobalSection(SolutionProperties) = preSolution
		HideSolutionNode = FALSE
	EndGlobalSection
	GlobalSection(ExtensibilityGlobals) = postSolution
		SolutionGuid = {2F55C32E-D581-4B6D-B5E4-C4CB6B8A2DB9}
	EndGlobalSection
EndGlobal
