
Microsoft Visual Studio Solution File, Format Version 12.00
# Visual Studio Version 17
VisualStudioVersion = 17.4.33103.184
MinimumVisualStudioVersion = 10.0.40219.1
Project("{FAE04EC0-301F-11D3-BF4B-00C04F79EFBC}") = "Problem1", "Generics\Problem1.csproj", "{59062226-0039-4C5C-AE92-C0D73181B082}"
EndProject
Project("{FAE04EC0-301F-11D3-BF4B-00C04F79EFBC}") = "Problem2", "Problem2\Problem2.csproj", "{709EBD19-D8A9-4F3F-90D0-656D8DC34FC2}"
EndProject
Project("{FAE04EC0-301F-11D3-BF4B-00C04F79EFBC}") = "Problem3", "Problem3\Problem3.csproj", "{CC6AF799-6326-4A00-BB64-082C1D2394F5}"
EndProject
Project("{FAE04EC0-301F-11D3-BF4B-00C04F79EFBC}") = "Problem4", "Problem4\Problem4.csproj", "{50D2B5DB-E486-4B29-8A7B-16C58943B54D}"
EndProject
Project("{FAE04EC0-301F-11D3-BF4B-00C04F79EFBC}") = "Problem5", "Problem5\Problem5.csproj", "{046B660D-7922-4956-9F3B-B869886A9E4D}"
EndProject
Project("{FAE04EC0-301F-11D3-BF4B-00C04F79EFBC}") = "Problem6", "Problem6\Problem6.csproj", "{E0F97A07-AFDE-4705-A844-777551019A9E}"
EndProject
Project("{FAE04EC0-301F-11D3-BF4B-00C04F79EFBC}") = "Problem7", "Problem7\Problem7.csproj", "{F2DEC639-1E8C-4721-92CC-E862ECBAC86D}"
EndProject
Global
	GlobalSection(SolutionConfigurationPlatforms) = preSolution
		Debug|Any CPU = Debug|Any CPU
		Release|Any CPU = Release|Any CPU
	EndGlobalSection
	GlobalSection(ProjectConfigurationPlatforms) = postSolution
		{59062226-0039-4C5C-AE92-C0D73181B082}.Debug|Any CPU.ActiveCfg = Debug|Any CPU
		{59062226-0039-4C5C-AE92-C0D73181B082}.Debug|Any CPU.Build.0 = Debug|Any CPU
		{59062226-0039-4C5C-AE92-C0D73181B082}.Release|Any CPU.ActiveCfg = Release|Any CPU
		{59062226-0039-4C5C-AE92-C0D73181B082}.Release|Any CPU.Build.0 = Release|Any CPU
		{709EBD19-D8A9-4F3F-90D0-656D8DC34FC2}.Debug|Any CPU.ActiveCfg = Debug|Any CPU
		{709EBD19-D8A9-4F3F-90D0-656D8DC34FC2}.Debug|Any CPU.Build.0 = Debug|Any CPU
		{709EBD19-D8A9-4F3F-90D0-656D8DC34FC2}.Release|Any CPU.ActiveCfg = Release|Any CPU
		{709EBD19-D8A9-4F3F-90D0-656D8DC34FC2}.Release|Any CPU.Build.0 = Release|Any CPU
		{CC6AF799-6326-4A00-BB64-082C1D2394F5}.Debug|Any CPU.ActiveCfg = Debug|Any CPU
		{CC6AF799-6326-4A00-BB64-082C1D2394F5}.Debug|Any CPU.Build.0 = Debug|Any CPU
		{CC6AF799-6326-4A00-BB64-082C1D2394F5}.Release|Any CPU.ActiveCfg = Release|Any CPU
		{CC6AF799-6326-4A00-BB64-082C1D2394F5}.Release|Any CPU.Build.0 = Release|Any CPU
		{50D2B5DB-E486-4B29-8A7B-16C58943B54D}.Debug|Any CPU.ActiveCfg = Debug|Any CPU
		{50D2B5DB-E486-4B29-8A7B-16C58943B54D}.Debug|Any CPU.Build.0 = Debug|Any CPU
		{50D2B5DB-E486-4B29-8A7B-16C58943B54D}.Release|Any CPU.ActiveCfg = Release|Any CPU
		{50D2B5DB-E486-4B29-8A7B-16C58943B54D}.Release|Any CPU.Build.0 = Release|Any CPU
		{046B660D-7922-4956-9F3B-B869886A9E4D}.Debug|Any CPU.ActiveCfg = Debug|Any CPU
		{046B660D-7922-4956-9F3B-B869886A9E4D}.Debug|Any CPU.Build.0 = Debug|Any CPU
		{046B660D-7922-4956-9F3B-B869886A9E4D}.Release|Any CPU.ActiveCfg = Release|Any CPU
		{046B660D-7922-4956-9F3B-B869886A9E4D}.Release|Any CPU.Build.0 = Release|Any CPU
		{E0F97A07-AFDE-4705-A844-777551019A9E}.Debug|Any CPU.ActiveCfg = Debug|Any CPU
		{E0F97A07-AFDE-4705-A844-777551019A9E}.Debug|Any CPU.Build.0 = Debug|Any CPU
		{E0F97A07-AFDE-4705-A844-777551019A9E}.Release|Any CPU.ActiveCfg = Release|Any CPU
		{E0F97A07-AFDE-4705-A844-777551019A9E}.Release|Any CPU.Build.0 = Release|Any CPU
		{F2DEC639-1E8C-4721-92CC-E862ECBAC86D}.Debug|Any CPU.ActiveCfg = Debug|Any CPU
		{F2DEC639-1E8C-4721-92CC-E862ECBAC86D}.Debug|Any CPU.Build.0 = Debug|Any CPU
		{F2DEC639-1E8C-4721-92CC-E862ECBAC86D}.Release|Any CPU.ActiveCfg = Release|Any CPU
		{F2DEC639-1E8C-4721-92CC-E862ECBAC86D}.Release|Any CPU.Build.0 = Release|Any CPU
	EndGlobalSection
	GlobalSection(SolutionProperties) = preSolution
		HideSolutionNode = FALSE
	EndGlobalSection
	GlobalSection(ExtensibilityGlobals) = postSolution
		SolutionGuid = {F0F24E29-9472-4A35-882E-9B37709DF8B9}
	EndGlobalSection
EndGlobal
