
Microsoft Visual Studio Solution File, Format Version 12.00
# Visual Studio Version 17
VisualStudioVersion = 17.5.33627.172
MinimumVisualStudioVersion = 10.0.40219.1
Project("{FAE04EC0-301F-11D3-BF4B-00C04F79EFBC}") = "StudentSystem", "lab3EF\StudentSystem.csproj", "{004E41E9-EA9E-4F44-BE1F-458718468FF1}"
EndProject
Project("{FAE04EC0-301F-11D3-BF4B-00C04F79EFBC}") = "FootballBetting", "FootballBetting\FootballBetting.csproj", "{5F3ADC62-FCC0-440E-9248-2AECC1BBE076}"
EndProject
Global
	GlobalSection(SolutionConfigurationPlatforms) = preSolution
		Debug|Any CPU = Debug|Any CPU
		Release|Any CPU = Release|Any CPU
	EndGlobalSection
	GlobalSection(ProjectConfigurationPlatforms) = postSolution
		{004E41E9-EA9E-4F44-BE1F-458718468FF1}.Debug|Any CPU.ActiveCfg = Debug|Any CPU
		{004E41E9-EA9E-4F44-BE1F-458718468FF1}.Debug|Any CPU.Build.0 = Debug|Any CPU
		{004E41E9-EA9E-4F44-BE1F-458718468FF1}.Release|Any CPU.ActiveCfg = Release|Any CPU
		{004E41E9-EA9E-4F44-BE1F-458718468FF1}.Release|Any CPU.Build.0 = Release|Any CPU
		{5F3ADC62-FCC0-440E-9248-2AECC1BBE076}.Debug|Any CPU.ActiveCfg = Debug|Any CPU
		{5F3ADC62-FCC0-440E-9248-2AECC1BBE076}.Debug|Any CPU.Build.0 = Debug|Any CPU
		{5F3ADC62-FCC0-440E-9248-2AECC1BBE076}.Release|Any CPU.ActiveCfg = Release|Any CPU
		{5F3ADC62-FCC0-440E-9248-2AECC1BBE076}.Release|Any CPU.Build.0 = Release|Any CPU
	EndGlobalSection
	GlobalSection(SolutionProperties) = preSolution
		HideSolutionNode = FALSE
	EndGlobalSection
	GlobalSection(ExtensibilityGlobals) = postSolution
		SolutionGuid = {1E5D26C1-7936-496E-9568-B762DBA32370}
	EndGlobalSection
EndGlobal
